
Microsoft Visual Studio Solution File, Format Version 12.00
# Visual Studio Version 17
VisualStudioVersion = 17.13.35825.156 d17.13
MinimumVisualStudioVersion = 10.0.40219.1
Project("{FAE04EC0-301F-11D3-BF4B-00C04F79EFBC}") = "Greenwich.BlazorApp", "Greenwich.BlazorApp\Greenwich.BlazorApp.csproj", "{D313C9A1-D43F-4A4A-AAF0-4D4835B36F90}"
EndProject
Global
	GlobalSection(SolutionConfigurationPlatforms) = preSolution
		Debug|Any CPU = Debug|Any CPU
		Release|Any CPU = Release|Any CPU
	EndGlobalSection
	GlobalSection(ProjectConfigurationPlatforms) = postSolution
		{D313C9A1-D43F-4A4A-AAF0-4D4835B36F90}.Debug|Any CPU.ActiveCfg = Debug|Any CPU
		{D313C9A1-D43F-4A4A-AAF0-4D4835B36F90}.Debug|Any CPU.Build.0 = Debug|Any CPU
		{D313C9A1-D43F-4A4A-AAF0-4D4835B36F90}.Release|Any CPU.ActiveCfg = Release|Any CPU
		{D313C9A1-D43F-4A4A-AAF0-4D4835B36F90}.Release|Any CPU.Build.0 = Release|Any CPU
	EndGlobalSection
	GlobalSection(SolutionProperties) = preSolution
		HideSolutionNode = FALSE
	EndGlobalSection
	GlobalSection(ExtensibilityGlobals) = postSolution
		SolutionGuid = {8459CB47-93EB-4F4E-9CB6-7D1270F67E06}
	EndGlobalSection
EndGlobal
